
Microsoft Visual Studio Solution File, Format Version 11.00
# Visual Studio 2010
Project("{FAE04EC0-301F-11D3-BF4B-00C04F79EFBC}") = "FactoryPlus", "FactoryPlus\FactoryPlus.csproj", "{43FBE56A-D1B6-4338-9728-9D126E0ECDB5}"
EndProject
Project("{FAE04EC0-301F-11D3-BF4B-00C04F79EFBC}") = "FactoryPlus.Tests", "FactoryPlus.Tests\FactoryPlus.Tests.csproj", "{4812D6D1-DF0D-4B61-AF7E-31B2997F6A51}"
EndProject
Global
	GlobalSection(SolutionConfigurationPlatforms) = preSolution
		Debug|Any CPU = Debug|Any CPU
		Release|Any CPU = Release|Any CPU
	EndGlobalSection
	GlobalSection(ProjectConfigurationPlatforms) = postSolution
		{43FBE56A-D1B6-4338-9728-9D126E0ECDB5}.Debug|Any CPU.ActiveCfg = Debug|Any CPU
		{43FBE56A-D1B6-4338-9728-9D126E0ECDB5}.Debug|Any CPU.Build.0 = Debug|Any CPU
		{43FBE56A-D1B6-4338-9728-9D126E0ECDB5}.Release|Any CPU.ActiveCfg = Release|Any CPU
		{43FBE56A-D1B6-4338-9728-9D126E0ECDB5}.Release|Any CPU.Build.0 = Release|Any CPU
		{4812D6D1-DF0D-4B61-AF7E-31B2997F6A51}.Debug|Any CPU.ActiveCfg = Debug|Any CPU
		{4812D6D1-DF0D-4B61-AF7E-31B2997F6A51}.Debug|Any CPU.Build.0 = Debug|Any CPU
		{4812D6D1-DF0D-4B61-AF7E-31B2997F6A51}.Release|Any CPU.ActiveCfg = Release|Any CPU
		{4812D6D1-DF0D-4B61-AF7E-31B2997F6A51}.Release|Any CPU.Build.0 = Release|Any CPU
	EndGlobalSection
	GlobalSection(SolutionProperties) = preSolution
		HideSolutionNode = FALSE
	EndGlobalSection
EndGlobal
